
Microsoft Visual Studio Solution File, Format Version 12.00
# Visual Studio Version 17
VisualStudioVersion = 17.1.32421.90
MinimumVisualStudioVersion = 10.0.40219.1
Project("{9A19103F-16F7-4668-BE54-9A1E7A4F7556}") = "DesafioBRQ", "DesafioBRQ.csproj", "{25C80F07-8CCE-4075-9B1D-5404F5873952}"
EndProject
Project("{2150E333-8FDC-42A3-9474-1A3956D46DE8}") = "Solution Items", "Solution Items", "{9BE24B0A-E907-4268-A245-5CC927CB143B}"
	ProjectSection(SolutionItems) = preProject
		.editorconfig = .editorconfig
	EndProjectSection
EndProject
Global
	GlobalSection(SolutionConfigurationPlatforms) = preSolution
		Debug|Any CPU = Debug|Any CPU
		Release|Any CPU = Release|Any CPU
	EndGlobalSection
	GlobalSection(ProjectConfigurationPlatforms) = postSolution
		{25C80F07-8CCE-4075-9B1D-5404F5873952}.Debug|Any CPU.ActiveCfg = Debug|Any CPU
		{25C80F07-8CCE-4075-9B1D-5404F5873952}.Debug|Any CPU.Build.0 = Debug|Any CPU
		{25C80F07-8CCE-4075-9B1D-5404F5873952}.Release|Any CPU.ActiveCfg = Release|Any CPU
		{25C80F07-8CCE-4075-9B1D-5404F5873952}.Release|Any CPU.Build.0 = Release|Any CPU
	EndGlobalSection
	GlobalSection(SolutionProperties) = preSolution
		HideSolutionNode = FALSE
	EndGlobalSection
	GlobalSection(ExtensibilityGlobals) = postSolution
		SolutionGuid = {3957E220-EA85-4C08-B2C9-E7F498872FEB}
	EndGlobalSection
EndGlobal
